
Microsoft Visual Studio Solution File, Format Version 12.00
# Visual Studio 15
VisualStudioVersion = 15.0.27130.2027
MinimumVisualStudioVersion = 10.0.40219.1
Project("{FAE04EC0-301F-11D3-BF4B-00C04F79EFBC}") = "OOP", "OOP\OOP.csproj", "{C90F8F82-F636-47FD-80B3-13D2A42E25BB}"
EndProject
Global
	GlobalSection(SolutionConfigurationPlatforms) = preSolution
		Debug|Any CPU = Debug|Any CPU
		Release|Any CPU = Release|Any CPU
	EndGlobalSection
	GlobalSection(ProjectConfigurationPlatforms) = postSolution
		{C90F8F82-F636-47FD-80B3-13D2A42E25BB}.Debug|Any CPU.ActiveCfg = Debug|Any CPU
		{C90F8F82-F636-47FD-80B3-13D2A42E25BB}.Debug|Any CPU.Build.0 = Debug|Any CPU
		{C90F8F82-F636-47FD-80B3-13D2A42E25BB}.Release|Any CPU.ActiveCfg = Release|Any CPU
		{C90F8F82-F636-47FD-80B3-13D2A42E25BB}.Release|Any CPU.Build.0 = Release|Any CPU
	EndGlobalSection
	GlobalSection(SolutionProperties) = preSolution
		HideSolutionNode = FALSE
	EndGlobalSection
	GlobalSection(ExtensibilityGlobals) = postSolution
		SolutionGuid = {EDF1D9F8-9DA1-43E3-9FC2-718BFD27AEBB}
	EndGlobalSection
EndGlobal
